
Microsoft Visual Studio Solution File, Format Version 12.00
# Visual Studio Version 16
VisualStudioVersion = 16.0.31321.278
MinimumVisualStudioVersion = 10.0.40219.1
Project("{9A19103F-16F7-4668-BE54-9A1E7A4F7556}") = "NutritionTrackerRazorPages", "NutritionTrackerRazorPages.csproj", "{6F1EC8FA-CEDF-4474-AF4B-E91DF4A49FB9}"
EndProject
Global
	GlobalSection(SolutionConfigurationPlatforms) = preSolution
		Debug|Any CPU = Debug|Any CPU
		Release|Any CPU = Release|Any CPU
	EndGlobalSection
	GlobalSection(ProjectConfigurationPlatforms) = postSolution
		{6F1EC8FA-CEDF-4474-AF4B-E91DF4A49FB9}.Debug|Any CPU.ActiveCfg = Debug|Any CPU
		{6F1EC8FA-CEDF-4474-AF4B-E91DF4A49FB9}.Debug|Any CPU.Build.0 = Debug|Any CPU
		{6F1EC8FA-CEDF-4474-AF4B-E91DF4A49FB9}.Release|Any CPU.ActiveCfg = Release|Any CPU
		{6F1EC8FA-CEDF-4474-AF4B-E91DF4A49FB9}.Release|Any CPU.Build.0 = Release|Any CPU
	EndGlobalSection
	GlobalSection(SolutionProperties) = preSolution
		HideSolutionNode = FALSE
	EndGlobalSection
	GlobalSection(ExtensibilityGlobals) = postSolution
		SolutionGuid = {26D1AE3F-C3C4-4577-B066-BCB4680C0F4E}
	EndGlobalSection
EndGlobal
